
Microsoft Visual Studio Solution File, Format Version 12.00
# Visual Studio 14
VisualStudioVersion = 14.0.25420.1
MinimumVisualStudioVersion = 10.0.40219.1
Project("{8BC9CEB8-8B4A-11D0-8D11-00A0C91BC942}") = "wm_sachs", "wm_sachs\wm_sachs.vcxproj", "{6E744484-D7F5-479E-98E2-2DD27A9BAEF5}"
EndProject
Project("{8BC9CEB8-8B4A-11D0-8D11-00A0C91BC942}") = "SAGXTBuilder", "SAGXTBuilder\SAGXTBuilder.vcxproj", "{579FCC59-C37D-45F9-8EDD-719A2DA05181}"
EndProject
Project("{8BC9CEB8-8B4A-11D0-8D11-00A0C91BC942}") = "VCGXTBuilder", "VCGXTBuilder\VCGXTBuilder.vcxproj", "{197D7B6F-E03A-49F1-B70B-6842E197B48F}"
EndProject
Project("{8BC9CEB8-8B4A-11D0-8D11-00A0C91BC942}") = "wm_vcchs", "wm_vcchs\wm_vcchs.vcxproj", "{EB8CB421-248F-4A82-BD36-958531E072F7}"
EndProject
Project("{2150E333-8FDC-42A3-9474-1A3956D46DE8}") = "Solution Items", "Solution Items", "{03538B4C-238B-4544-A70D-D30A9DB30670}"
	ProjectSection(SolutionItems) = preProject
		VC-LTL helper for Visual Studio.props = VC-LTL helper for Visual Studio.props
	EndProjectSection
EndProject
Global
	GlobalSection(SolutionConfigurationPlatforms) = preSolution
		Debug|Win32 = Debug|Win32
		Release|Win32 = Release|Win32
	EndGlobalSection
	GlobalSection(ProjectConfigurationPlatforms) = postSolution
		{6E744484-D7F5-479E-98E2-2DD27A9BAEF5}.Debug|Win32.ActiveCfg = Debug|Win32
		{6E744484-D7F5-479E-98E2-2DD27A9BAEF5}.Debug|Win32.Build.0 = Debug|Win32
		{6E744484-D7F5-479E-98E2-2DD27A9BAEF5}.Release|Win32.ActiveCfg = Release|Win32
		{6E744484-D7F5-479E-98E2-2DD27A9BAEF5}.Release|Win32.Build.0 = Release|Win32
		{579FCC59-C37D-45F9-8EDD-719A2DA05181}.Debug|Win32.ActiveCfg = Debug|Win32
		{579FCC59-C37D-45F9-8EDD-719A2DA05181}.Debug|Win32.Build.0 = Debug|Win32
		{579FCC59-C37D-45F9-8EDD-719A2DA05181}.Release|Win32.ActiveCfg = Release|Win32
		{579FCC59-C37D-45F9-8EDD-719A2DA05181}.Release|Win32.Build.0 = Release|Win32
		{197D7B6F-E03A-49F1-B70B-6842E197B48F}.Debug|Win32.ActiveCfg = Debug|Win32
		{197D7B6F-E03A-49F1-B70B-6842E197B48F}.Debug|Win32.Build.0 = Debug|Win32
		{197D7B6F-E03A-49F1-B70B-6842E197B48F}.Release|Win32.ActiveCfg = Release|Win32
		{197D7B6F-E03A-49F1-B70B-6842E197B48F}.Release|Win32.Build.0 = Release|Win32
		{EB8CB421-248F-4A82-BD36-958531E072F7}.Debug|Win32.ActiveCfg = Debug|Win32
		{EB8CB421-248F-4A82-BD36-958531E072F7}.Debug|Win32.Build.0 = Debug|Win32
		{EB8CB421-248F-4A82-BD36-958531E072F7}.Release|Win32.ActiveCfg = Release|Win32
		{EB8CB421-248F-4A82-BD36-958531E072F7}.Release|Win32.Build.0 = Release|Win32
	EndGlobalSection
	GlobalSection(SolutionProperties) = preSolution
		HideSolutionNode = FALSE
	EndGlobalSection
EndGlobal
